# THIS IS AN AUTOGENERATED FILE. DO NOT EDIT THIS FILE DIRECTLY.
# yarn lockfile v1


spcolor@^0.0.1:
  version "0.0.1"
  resolved "https://registry.yarnpkg.com/spcolor/-/spcolor-0.0.1.tgz#46c72f69b68af96fca306025f3285f663a8bc807"
  integrity sha512-y5oo9+7PfvoroZXjV/WSItG/EoskWWv++WIoZY5FTSMPbxVFG3hrSaQnMj9l7987D+q+raX6iPM6KwAozxAMZg==
